{
  "name": "@goldix.org/types",
  "version": "0.0.1",
  "lockfileVersion": 1,
  "requires": true,
  "dependencies": {
    "@goldix.org/validator": {
      "version": "0.0.1",
      "resolved": "https://registry.npmjs.org/@goldix.org/validator/-/validator-0.0.1.tgz",
      "integrity": "sha512-lPgKVV+NhOBp6OsuVv9debez2xwkrQQfdqTUH15EC9qoJucjeII4JqRbyi3e1IV9QgOHPoL+0+oPd0DtH5TfXw==",
      "requires": {
        "validate.js": "0.12.0"
      }
    },
    "validate.js": {
      "version": "0.12.0",
      "resolved": "https://registry.npmjs.org/validate.js/-/validate.js-0.12.0.tgz",
      "integrity": "sha512-/x2RJSvbqEyxKj0RPN4xaRquK+EggjeVXiDDEyrJzsJogjtiZ9ov7lj/svVb4DM5Q5braQF4cooAryQbUwOxlA=="
    }
  }
}
